<?xml version="1.0" encoding="utf-8"?>
<Project ToolsVersion="4.0" xmlns="http://schemas.microsoft.com/developer/msbuild/2003">
  <ItemGroup>
    <Filter Include="Source Files">
      <UniqueIdentifier>{4FC737F1-C7A5-4376-A066-2A32D752A2FF}</UniqueIdentifier>
      <Extensions>cpp;c;cc;cxx;def;odl;idl;hpj;bat;asm;asmx</Extensions>
    </Filter>
    <Filter Include="Header Files">
      <UniqueIdentifier>{93995380-89BD-4b04-88EB-625FBE52EBFB}</UniqueIdentifier>
      <Extensions>h;hh;hpp;hxx;hm;inl;inc;xsd</Extensions>
    </Filter>
    <Filter Include="Resource Files">
      <UniqueIdentifier>{67DA6AB6-F800-4c08-8B7A-83BB121AAD01}</UniqueIdentifier>
      <Extensions>rc;ico;cur;bmp;dlg;rc2;rct;bin;rgs;gif;jpg;jpeg;jpe;resx;tiff;tif;png;wav;mfcribbon-ms</Extensions>
    </Filter>
    <Filter Include="Shaders">
      <UniqueIdentifier>{846a9373-7920-4810-b762-16ad4ed340de}</UniqueIdentifier>
    </Filter>
  </ItemGroup>
  <ItemGroup>
    <ClCompile Include="PoissonSolver.cpp">
      <Filter>Source Files</Filter>
    </ClCompile>
    <ClCompile Include="Jacobi.cpp">
      <Filter>Source Files</Filter>
    </ClCompile>
    <ClCompile Include="ConjGrad.cpp">
      <Filter>Source Files</Filter>
    </ClCompile>
    <ClCompile Include="CreateBuffers.cpp">
      <Filter>Source Files</Filter>
    </ClCompile>
    <ClCompile Include="PrefixSum.cpp">
      <Filter>Source Files</Filter>
    </ClCompile>
  </ItemGroup>
  <ItemGroup>
    <ClInclude Include="Jacobi.h">
      <Filter>Header Files</Filter>
    </ClInclude>
    <ClInclude Include="ConjGrad.h">
      <Filter>Header Files</Filter>
    </ClInclude>
    <ClInclude Include="CreateBuffers.h">
      <Filter>Header Files</Filter>
    </ClInclude>
    <ClInclude Include="SharedConst.h">
      <Filter>Header Files</Filter>
    </ClInclude>
    <ClInclude Include="PrefixSum.h">
      <Filter>Header Files</Filter>
    </ClInclude>
  </ItemGroup>
  <ItemGroup>
    <FxCompile Include="CSPrefixSum1.hlsl">
      <Filter>Shaders</Filter>
    </FxCompile>
    <FxCompile Include="CSPrefixSum2.hlsl">
      <Filter>Shaders</Filter>
    </FxCompile>
    <FxCompile Include="CSInit.hlsl">
      <Filter>Shaders</Filter>
    </FxCompile>
    <FxCompile Include="CSpAp.hlsl">
      <Filter>Shaders</Filter>
    </FxCompile>
    <FxCompile Include="CSpUpdate.hlsl">
      <Filter>Shaders</Filter>
    </FxCompile>
    <FxCompile Include="CSxUpdate.hlsl">
      <Filter>Shaders</Filter>
    </FxCompile>
    <FxCompile Include="CSJacobi.hlsl">
      <Filter>Shaders</Filter>
    </FxCompile>
    <FxCompile Include="CSPrefixSum1i.hlsl">
      <Filter>Shaders</Filter>
    </FxCompile>
    <FxCompile Include="CSPrefixSum2i.hlsl">
      <Filter>Shaders</Filter>
    </FxCompile>
    <FxCompile Include="CSPrefixSum1u.hlsl">
      <Filter>Shaders</Filter>
    </FxCompile>
    <FxCompile Include="CSPrefixSum2u.hlsl">
      <Filter>Shaders</Filter>
    </FxCompile>
  </ItemGroup>
  <ItemGroup>
    <None Include="CSScanBlockBuffer.hlsli">
      <Filter>Shaders</Filter>
    </None>
    <None Include="CHConjGrad.hlsli">
      <Filter>Shaders</Filter>
    </None>
    <None Include="CSAx.hlsli">
      <Filter>Shaders</Filter>
    </None>
    <None Include="CSConjGrad.hlsli">
      <Filter>Shaders</Filter>
    </None>
    <None Include="CSPrefixSum1.hlsli">
      <Filter>Shaders</Filter>
    </None>
    <None Include="CSPrefixSum2.hlsli">
      <Filter>Shaders</Filter>
    </None>
  </ItemGroup>
</Project>